// !$*UTF8*$!
{
	archiveVersion = 1;
	classes = {
	};
	objectVersion = 56;
	objects = {

/* Begin PBXBuildFile section */
		D8C9509D2B594EF500C1ED81 /* GoogleService-Info.plist in Resources */ = {isa = PBXBuildFile; fileRef = D8C9509C2B594EF500C1ED81 /* GoogleService-Info.plist */; };
		D8C950AC2B594F7F00C1ED81 /* FirebaseAuth in Frameworks */ = {isa = PBXBuildFile; productRef = D8C950AB2B594F7F00C1ED81 /* FirebaseAuth */; };
		D8C950B82B594F7F00C1ED81 /* FirebaseFirestore in Frameworks */ = {isa = PBXBuildFile; productRef = D8C950B72B594F7F00C1ED81 /* FirebaseFirestore */; };
		D8C950BC2B594F7F00C1ED81 /* FirebaseFirestoreSwift in Frameworks */ = {isa = PBXBuildFile; productRef = D8C950BB2B594F7F00C1ED81 /* FirebaseFirestoreSwift */; };
		D8C950D22B594F7F00C1ED81 /* FirebaseStorage in Frameworks */ = {isa = PBXBuildFile; productRef = D8C950D12B594F7F00C1ED81 /* FirebaseStorage */; };
		D8C950D72B59510800C1ED81 /* Kingfisher in Frameworks */ = {isa = PBXBuildFile; productRef = D8C950D62B59510800C1ED81 /* Kingfisher */; };
		D8C950D92B59533600C1ED81 /* ActivityView.swift in Sources */ = {isa = PBXBuildFile; fileRef = D8C950D82B59533600C1ED81 /* ActivityView.swift */; };
		D8C950DB2B59539200C1ED81 /* AuthService.swift in Sources */ = {isa = PBXBuildFile; fileRef = D8C950DA2B59539200C1ED81 /* AuthService.swift */; };
		D8C950DD2B5953D200C1ED81 /* RegistrationView.swift in Sources */ = {isa = PBXBuildFile; fileRef = D8C950DC2B5953D200C1ED81 /* RegistrationView.swift */; };
		D8C950DF2B5953E500C1ED81 /* LoginView.swift in Sources */ = {isa = PBXBuildFile; fileRef = D8C950DE2B5953E500C1ED81 /* LoginView.swift */; };
		D8C950E12B5955B200C1ED81 /* LoginViewModel.swift in Sources */ = {isa = PBXBuildFile; fileRef = D8C950E02B5955B200C1ED81 /* LoginViewModel.swift */; };
		D8C950E32B5955F700C1ED81 /* RegistrationViewModel.swift in Sources */ = {isa = PBXBuildFile; fileRef = D8C950E22B5955F700C1ED81 /* RegistrationViewModel.swift */; };
		D8C950E52B59565700C1ED81 /* CircularProfileImageView.swift in Sources */ = {isa = PBXBuildFile; fileRef = D8C950E42B59565700C1ED81 /* CircularProfileImageView.swift */; };
		D8C950E72B5956B500C1ED81 /* BoultCell.swift in Sources */ = {isa = PBXBuildFile; fileRef = D8C950E62B5956B500C1ED81 /* BoultCell.swift */; };
		D8C950E92B5957C100C1ED81 /* UserCell.swift in Sources */ = {isa = PBXBuildFile; fileRef = D8C950E82B5957C100C1ED81 /* UserCell.swift */; };
		D8C950EE2B5A2F4B00C1ED81 /* ExploreView.swift in Sources */ = {isa = PBXBuildFile; fileRef = D8C950ED2B5A2F4B00C1ED81 /* ExploreView.swift */; };
		D8C950F02B5A2F7300C1ED81 /* ExploreViewModel.swift in Sources */ = {isa = PBXBuildFile; fileRef = D8C950EF2B5A2F7300C1ED81 /* ExploreViewModel.swift */; };
		D8C950F42B5A304700C1ED81 /* FeedView.swift in Sources */ = {isa = PBXBuildFile; fileRef = D8C950F32B5A304700C1ED81 /* FeedView.swift */; };
		D8C950F62B5A30DD00C1ED81 /* FeedViewModel.swift in Sources */ = {isa = PBXBuildFile; fileRef = D8C950F52B5A30DD00C1ED81 /* FeedViewModel.swift */; };
		D8FF97B62B593F3A00F7DA30 /* boultApp.swift in Sources */ = {isa = PBXBuildFile; fileRef = D8FF97B52B593F3A00F7DA30 /* boultApp.swift */; };
		D8FF97B82B593F3A00F7DA30 /* ContentView.swift in Sources */ = {isa = PBXBuildFile; fileRef = D8FF97B72B593F3A00F7DA30 /* ContentView.swift */; };
		D8FF97BA2B593F3C00F7DA30 /* Assets.xcassets in Resources */ = {isa = PBXBuildFile; fileRef = D8FF97B92B593F3C00F7DA30 /* Assets.xcassets */; };
		D8FF97BD2B593F3C00F7DA30 /* Preview Assets.xcassets in Resources */ = {isa = PBXBuildFile; fileRef = D8FF97BC2B593F3C00F7DA30 /* Preview Assets.xcassets */; };
/* End PBXBuildFile section */

/* Begin PBXFileReference section */
		D8C9509C2B594EF500C1ED81 /* GoogleService-Info.plist */ = {isa = PBXFileReference; fileEncoding = 4; lastKnownFileType = text.plist.xml; path = "GoogleService-Info.plist"; sourceTree = "<group>"; };
		D8C950D82B59533600C1ED81 /* ActivityView.swift */ = {isa = PBXFileReference; lastKnownFileType = sourcecode.swift; path = ActivityView.swift; sourceTree = "<group>"; };
		D8C950DA2B59539200C1ED81 /* AuthService.swift */ = {isa = PBXFileReference; lastKnownFileType = sourcecode.swift; path = AuthService.swift; sourceTree = "<group>"; };
		D8C950DC2B5953D200C1ED81 /* RegistrationView.swift */ = {isa = PBXFileReference; lastKnownFileType = sourcecode.swift; path = RegistrationView.swift; sourceTree = "<group>"; };
		D8C950DE2B5953E500C1ED81 /* LoginView.swift */ = {isa = PBXFileReference; lastKnownFileType = sourcecode.swift; path = LoginView.swift; sourceTree = "<group>"; };
		D8C950E02B5955B200C1ED81 /* LoginViewModel.swift */ = {isa = PBXFileReference; lastKnownFileType = sourcecode.swift; path = LoginViewModel.swift; sourceTree = "<group>"; };
		D8C950E22B5955F700C1ED81 /* RegistrationViewModel.swift */ = {isa = PBXFileReference; lastKnownFileType = sourcecode.swift; path = RegistrationViewModel.swift; sourceTree = "<group>"; };
		D8C950E42B59565700C1ED81 /* CircularProfileImageView.swift */ = {isa = PBXFileReference; lastKnownFileType = sourcecode.swift; path = CircularProfileImageView.swift; sourceTree = "<group>"; };
		D8C950E62B5956B500C1ED81 /* BoultCell.swift */ = {isa = PBXFileReference; lastKnownFileType = sourcecode.swift; path = BoultCell.swift; sourceTree = "<group>"; };
		D8C950E82B5957C100C1ED81 /* UserCell.swift */ = {isa = PBXFileReference; lastKnownFileType = sourcecode.swift; path = UserCell.swift; sourceTree = "<group>"; };
		D8C950ED2B5A2F4B00C1ED81 /* ExploreView.swift */ = {isa = PBXFileReference; lastKnownFileType = sourcecode.swift; path = ExploreView.swift; sourceTree = "<group>"; };
		D8C950EF2B5A2F7300C1ED81 /* ExploreViewModel.swift */ = {isa = PBXFileReference; lastKnownFileType = sourcecode.swift; path = ExploreViewModel.swift; sourceTree = "<group>"; };
		D8C950F32B5A304700C1ED81 /* FeedView.swift */ = {isa = PBXFileReference; lastKnownFileType = sourcecode.swift; path = FeedView.swift; sourceTree = "<group>"; };
		D8C950F52B5A30DD00C1ED81 /* FeedViewModel.swift */ = {isa = PBXFileReference; lastKnownFileType = sourcecode.swift; path = FeedViewModel.swift; sourceTree = "<group>"; };
		D8FF97B22B593F3A00F7DA30 /* boult.app */ = {isa = PBXFileReference; explicitFileType = wrapper.application; includeInIndex = 0; path = boult.app; sourceTree = BUILT_PRODUCTS_DIR; };
		D8FF97B52B593F3A00F7DA30 /* boultApp.swift */ = {isa = PBXFileReference; lastKnownFileType = sourcecode.swift; path = boultApp.swift; sourceTree = "<group>"; };
		D8FF97B72B593F3A00F7DA30 /* ContentView.swift */ = {isa = PBXFileReference; lastKnownFileType = sourcecode.swift; path = ContentView.swift; sourceTree = "<group>"; };
		D8FF97B92B593F3C00F7DA30 /* Assets.xcassets */ = {isa = PBXFileReference; lastKnownFileType = folder.assetcatalog; path = Assets.xcassets; sourceTree = "<group>"; };
		D8FF97BC2B593F3C00F7DA30 /* Preview Assets.xcassets */ = {isa = PBXFileReference; lastKnownFileType = folder.assetcatalog; path = "Preview Assets.xcassets"; sourceTree = "<group>"; };
/* End PBXFileReference section */

/* Begin PBXFrameworksBuildPhase section */
		D8FF97AF2B593F3A00F7DA30 /* Frameworks */ = {
			isa = PBXFrameworksBuildPhase;
			buildActionMask = 2147483647;
			files = (
				D8C950B82B594F7F00C1ED81 /* FirebaseFirestore in Frameworks */,
				D8C950BC2B594F7F00C1ED81 /* FirebaseFirestoreSwift in Frameworks */,
				D8C950AC2B594F7F00C1ED81 /* FirebaseAuth in Frameworks */,
				D8C950D22B594F7F00C1ED81 /* FirebaseStorage in Frameworks */,
				D8C950D72B59510800C1ED81 /* Kingfisher in Frameworks */,
			);
			runOnlyForDeploymentPostprocessing = 0;
		};
/* End PBXFrameworksBuildPhase section */

/* Begin PBXGroup section */
		D8C950892B5949DD00C1ED81 /* App */ = {
			isa = PBXGroup;
			children = (
				D8FF97B52B593F3A00F7DA30 /* boultApp.swift */,
			);
			path = App;
			sourceTree = "<group>";
		};
		D8C9508A2B5949E400C1ED81 /* Core */ = {
			isa = PBXGroup;
			children = (
				D8C9508F2B594AF600C1ED81 /* Activity */,
				D8C950902B594B0100C1ED81 /* Authentication */,
				D8C950972B594BA400C1ED81 /* Components */,
				D8C950962B594B9900C1ED81 /* Explore */,
				D8C950952B594B8B00C1ED81 /* Feed */,
				D8C950942B594B7C00C1ED81 /* Profile */,
				D8C950932B594B7400C1ED81 /* Root */,
				D8C950922B594B5F00C1ED81 /* TabBar */,
				D8C950912B594B3100C1ED81 /* BoultCreation */,
			);
			path = Core;
			sourceTree = "<group>";
		};
		D8C9508B2B5949EB00C1ED81 /* Extension */ = {
			isa = PBXGroup;
			children = (
			);
			path = Extension;
			sourceTree = "<group>";
		};
		D8C9508C2B5949F600C1ED81 /* Model */ = {
			isa = PBXGroup;
			children = (
			);
			path = Model;
			sourceTree = "<group>";
		};
		D8C9508D2B594A2800C1ED81 /* Services */ = {
			isa = PBXGroup;
			children = (
			);
			path = Services;
			sourceTree = "<group>";
		};
		D8C9508E2B594A3400C1ED81 /* Utils */ = {
			isa = PBXGroup;
			children = (
			);
			path = Utils;
			sourceTree = "<group>";
		};
		D8C9508F2B594AF600C1ED81 /* Activity */ = {
			isa = PBXGroup;
			children = (
				D8C950982B594BD000C1ED81 /* View */,
			);
			path = Activity;
			sourceTree = "<group>";
		};
		D8C950902B594B0100C1ED81 /* Authentication */ = {
			isa = PBXGroup;
			children = (
				D8C9509B2B594BE900C1ED81 /* Service */,
				D8C9509A2B594BE200C1ED81 /* View */,
				D8C950992B594BDB00C1ED81 /* ViewModel */,
			);
			path = Authentication;
			sourceTree = "<group>";
		};
		D8C950912B594B3100C1ED81 /* BoultCreation */ = {
			isa = PBXGroup;
			children = (
			);
			path = BoultCreation;
			sourceTree = "<group>";
		};
		D8C950922B594B5F00C1ED81 /* TabBar */ = {
			isa = PBXGroup;
			children = (
			);
			path = TabBar;
			sourceTree = "<group>";
		};
		D8C950932B594B7400C1ED81 /* Root */ = {
			isa = PBXGroup;
			children = (
			);
			path = Root;
			sourceTree = "<group>";
		};
		D8C950942B594B7C00C1ED81 /* Profile */ = {
			isa = PBXGroup;
			children = (
			);
			path = Profile;
			sourceTree = "<group>";
		};
		D8C950952B594B8B00C1ED81 /* Feed */ = {
			isa = PBXGroup;
			children = (
				D8C950F22B5A303700C1ED81 /* View */,
				D8C950F12B5A303100C1ED81 /* ViewModel */,
			);
			path = Feed;
			sourceTree = "<group>";
		};
		D8C950962B594B9900C1ED81 /* Explore */ = {
			isa = PBXGroup;
			children = (
				D8C950EC2B5A2F3600C1ED81 /* View */,
				D8C950EB2B5A2F2E00C1ED81 /* ViewModel */,
			);
			path = Explore;
			sourceTree = "<group>";
		};
		D8C950972B594BA400C1ED81 /* Components */ = {
			isa = PBXGroup;
			children = (
				D8C950E42B59565700C1ED81 /* CircularProfileImageView.swift */,
				D8C950E62B5956B500C1ED81 /* BoultCell.swift */,
				D8C950E82B5957C100C1ED81 /* UserCell.swift */,
			);
			path = Components;
			sourceTree = "<group>";
		};
		D8C950982B594BD000C1ED81 /* View */ = {
			isa = PBXGroup;
			children = (
				D8C950D82B59533600C1ED81 /* ActivityView.swift */,
			);
			path = View;
			sourceTree = "<group>";
		};
		D8C950992B594BDB00C1ED81 /* ViewModel */ = {
			isa = PBXGroup;
			children = (
				D8C950E02B5955B200C1ED81 /* LoginViewModel.swift */,
				D8C950E22B5955F700C1ED81 /* RegistrationViewModel.swift */,
			);
			path = ViewModel;
			sourceTree = "<group>";
		};
		D8C9509A2B594BE200C1ED81 /* View */ = {
			isa = PBXGroup;
			children = (
				D8C950DE2B5953E500C1ED81 /* LoginView.swift */,
				D8C950DC2B5953D200C1ED81 /* RegistrationView.swift */,
			);
			path = View;
			sourceTree = "<group>";
		};
		D8C9509B2B594BE900C1ED81 /* Service */ = {
			isa = PBXGroup;
			children = (
				D8C950DA2B59539200C1ED81 /* AuthService.swift */,
			);
			path = Service;
			sourceTree = "<group>";
		};
		D8C950EB2B5A2F2E00C1ED81 /* ViewModel */ = {
			isa = PBXGroup;
			children = (
				D8C950EF2B5A2F7300C1ED81 /* ExploreViewModel.swift */,
			);
			path = ViewModel;
			sourceTree = "<group>";
		};
		D8C950EC2B5A2F3600C1ED81 /* View */ = {
			isa = PBXGroup;
			children = (
				D8C950ED2B5A2F4B00C1ED81 /* ExploreView.swift */,
			);
			path = View;
			sourceTree = "<group>";
		};
		D8C950F12B5A303100C1ED81 /* ViewModel */ = {
			isa = PBXGroup;
			children = (
				D8C950F52B5A30DD00C1ED81 /* FeedViewModel.swift */,
			);
			path = ViewModel;
			sourceTree = "<group>";
		};
		D8C950F22B5A303700C1ED81 /* View */ = {
			isa = PBXGroup;
			children = (
				D8C950F32B5A304700C1ED81 /* FeedView.swift */,
			);
			path = View;
			sourceTree = "<group>";
		};
		D8FF97A92B593F3A00F7DA30 = {
			isa = PBXGroup;
			children = (
				D8FF97B42B593F3A00F7DA30 /* boult */,
				D8C9509C2B594EF500C1ED81 /* GoogleService-Info.plist */,
				D8FF97B32B593F3A00F7DA30 /* Products */,
			);
			sourceTree = "<group>";
		};
		D8FF97B32B593F3A00F7DA30 /* Products */ = {
			isa = PBXGroup;
			children = (
				D8FF97B22B593F3A00F7DA30 /* boult.app */,
			);
			name = Products;
			sourceTree = "<group>";
		};
		D8FF97B42B593F3A00F7DA30 /* boult */ = {
			isa = PBXGroup;
			children = (
				D8C950892B5949DD00C1ED81 /* App */,
				D8C9508A2B5949E400C1ED81 /* Core */,
				D8C9508B2B5949EB00C1ED81 /* Extension */,
				D8C9508C2B5949F600C1ED81 /* Model */,
				D8C9508D2B594A2800C1ED81 /* Services */,
				D8C9508E2B594A3400C1ED81 /* Utils */,
				D8FF97B72B593F3A00F7DA30 /* ContentView.swift */,
				D8FF97B92B593F3C00F7DA30 /* Assets.xcassets */,
				D8FF97BB2B593F3C00F7DA30 /* Preview Content */,
			);
			path = boult;
			sourceTree = "<group>";
		};
		D8FF97BB2B593F3C00F7DA30 /* Preview Content */ = {
			isa = PBXGroup;
			children = (
				D8FF97BC2B593F3C00F7DA30 /* Preview Assets.xcassets */,
			);
			path = "Preview Content";
			sourceTree = "<group>";
		};
/* End PBXGroup section */

/* Begin PBXNativeTarget section */
		D8FF97B12B593F3A00F7DA30 /* boult */ = {
			isa = PBXNativeTarget;
			buildConfigurationList = D8FF97C02B593F3C00F7DA30 /* Build configuration list for PBXNativeTarget "boult" */;
			buildPhases = (
				D8FF97AE2B593F3A00F7DA30 /* Sources */,
				D8FF97AF2B593F3A00F7DA30 /* Frameworks */,
				D8FF97B02B593F3A00F7DA30 /* Resources */,
			);
			buildRules = (
			);
			dependencies = (
			);
			name = boult;
			packageProductDependencies = (
				D8C950AB2B594F7F00C1ED81 /* FirebaseAuth */,
				D8C950B72B594F7F00C1ED81 /* FirebaseFirestore */,
				D8C950BB2B594F7F00C1ED81 /* FirebaseFirestoreSwift */,
				D8C950D12B594F7F00C1ED81 /* FirebaseStorage */,
				D8C950D62B59510800C1ED81 /* Kingfisher */,
			);
			productName = boult;
			productReference = D8FF97B22B593F3A00F7DA30 /* boult.app */;
			productType = "com.apple.product-type.application";
		};
/* End PBXNativeTarget section */

/* Begin PBXProject section */
		D8FF97AA2B593F3A00F7DA30 /* Project object */ = {
			isa = PBXProject;
			attributes = {
				BuildIndependentTargetsInParallel = 1;
				LastSwiftUpdateCheck = 1520;
				LastUpgradeCheck = 1520;
				TargetAttributes = {
					D8FF97B12B593F3A00F7DA30 = {
						CreatedOnToolsVersion = 15.2;
					};
				};
			};
			buildConfigurationList = D8FF97AD2B593F3A00F7DA30 /* Build configuration list for PBXProject "boult" */;
			compatibilityVersion = "Xcode 14.0";
			developmentRegion = en;
			hasScannedForEncodings = 0;
			knownRegions = (
				en,
				Base,
			);
			mainGroup = D8FF97A92B593F3A00F7DA30;
			packageReferences = (
				D8C9509E2B594F7F00C1ED81 /* XCRemoteSwiftPackageReference "firebase-ios-sdk" */,
				D8C950D52B59510800C1ED81 /* XCRemoteSwiftPackageReference "Kingfisher" */,
			);
			productRefGroup = D8FF97B32B593F3A00F7DA30 /* Products */;
			projectDirPath = "";
			projectRoot = "";
			targets = (
				D8FF97B12B593F3A00F7DA30 /* boult */,
			);
		};
/* End PBXProject section */

/* Begin PBXResourcesBuildPhase section */
		D8FF97B02B593F3A00F7DA30 /* Resources */ = {
			isa = PBXResourcesBuildPhase;
			buildActionMask = 2147483647;
			files = (
				D8FF97BD2B593F3C00F7DA30 /* Preview Assets.xcassets in Resources */,
				D8FF97BA2B593F3C00F7DA30 /* Assets.xcassets in Resources */,
				D8C9509D2B594EF500C1ED81 /* GoogleService-Info.plist in Resources */,
			);
			runOnlyForDeploymentPostprocessing = 0;
		};
/* End PBXResourcesBuildPhase section */

/* Begin PBXSourcesBuildPhase section */
		D8FF97AE2B593F3A00F7DA30 /* Sources */ = {
			isa = PBXSourcesBuildPhase;
			buildActionMask = 2147483647;
			files = (
				D8C950F42B5A304700C1ED81 /* FeedView.swift in Sources */,
				D8C950DF2B5953E500C1ED81 /* LoginView.swift in Sources */,
				D8C950E52B59565700C1ED81 /* CircularProfileImageView.swift in Sources */,
				D8FF97B82B593F3A00F7DA30 /* ContentView.swift in Sources */,
				D8FF97B62B593F3A00F7DA30 /* boultApp.swift in Sources */,
				D8C950F62B5A30DD00C1ED81 /* FeedViewModel.swift in Sources */,
				D8C950D92B59533600C1ED81 /* ActivityView.swift in Sources */,
				D8C950DB2B59539200C1ED81 /* AuthService.swift in Sources */,
				D8C950E72B5956B500C1ED81 /* BoultCell.swift in Sources */,
				D8C950E32B5955F700C1ED81 /* RegistrationViewModel.swift in Sources */,
				D8C950F02B5A2F7300C1ED81 /* ExploreViewModel.swift in Sources */,
				D8C950DD2B5953D200C1ED81 /* RegistrationView.swift in Sources */,
				D8C950E92B5957C100C1ED81 /* UserCell.swift in Sources */,
				D8C950EE2B5A2F4B00C1ED81 /* ExploreView.swift in Sources */,
				D8C950E12B5955B200C1ED81 /* LoginViewModel.swift in Sources */,
			);
			runOnlyForDeploymentPostprocessing = 0;
		};
/* End PBXSourcesBuildPhase section */

/* Begin XCBuildConfiguration section */
		D8FF97BE2B593F3C00F7DA30 /* Debug */ = {
			isa = XCBuildConfiguration;
			buildSettings = {
				ALWAYS_SEARCH_USER_PATHS = NO;
				ASSETCATALOG_COMPILER_GENERATE_SWIFT_ASSET_SYMBOL_EXTENSIONS = YES;
				CLANG_ANALYZER_NONNULL = YES;
				CLANG_ANALYZER_NUMBER_OBJECT_CONVERSION = YES_AGGRESSIVE;
				CLANG_CXX_LANGUAGE_STANDARD = "gnu++20";
				CLANG_ENABLE_MODULES = YES;
				CLANG_ENABLE_OBJC_ARC = YES;
				CLANG_ENABLE_OBJC_WEAK = YES;
				CLANG_WARN_BLOCK_CAPTURE_AUTORELEASING = YES;
				CLANG_WARN_BOOL_CONVERSION = YES;
				CLANG_WARN_COMMA = YES;
				CLANG_WARN_CONSTANT_CONVERSION = YES;
				CLANG_WARN_DEPRECATED_OBJC_IMPLEMENTATIONS = YES;
				CLANG_WARN_DIRECT_OBJC_ISA_USAGE = YES_ERROR;
				CLANG_WARN_DOCUMENTATION_COMMENTS = YES;
				CLANG_WARN_EMPTY_BODY = YES;
				CLANG_WARN_ENUM_CONVERSION = YES;
				CLANG_WARN_INFINITE_RECURSION = YES;
				CLANG_WARN_INT_CONVERSION = YES;
				CLANG_WARN_NON_LITERAL_NULL_CONVERSION = YES;
				CLANG_WARN_OBJC_IMPLICIT_RETAIN_SELF = YES;
				CLANG_WARN_OBJC_LITERAL_CONVERSION = YES;
				CLANG_WARN_OBJC_ROOT_CLASS = YES_ERROR;
				CLANG_WARN_QUOTED_INCLUDE_IN_FRAMEWORK_HEADER = YES;
				CLANG_WARN_RANGE_LOOP_ANALYSIS = YES;
				CLANG_WARN_STRICT_PROTOTYPES = YES;
				CLANG_WARN_SUSPICIOUS_MOVE = YES;
				CLANG_WARN_UNGUARDED_AVAILABILITY = YES_AGGRESSIVE;
				CLANG_WARN_UNREACHABLE_CODE = YES;
				CLANG_WARN__DUPLICATE_METHOD_MATCH = YES;
				COPY_PHASE_STRIP = NO;
				DEBUG_INFORMATION_FORMAT = dwarf;
				ENABLE_STRICT_OBJC_MSGSEND = YES;
				ENABLE_TESTABILITY = YES;
				ENABLE_USER_SCRIPT_SANDBOXING = YES;
				GCC_C_LANGUAGE_STANDARD = gnu17;
				GCC_DYNAMIC_NO_PIC = NO;
				GCC_NO_COMMON_BLOCKS = YES;
				GCC_OPTIMIZATION_LEVEL = 0;
				GCC_PREPROCESSOR_DEFINITIONS = (
					"DEBUG=1",
					"$(inherited)",
				);
				GCC_WARN_64_TO_32_BIT_CONVERSION = YES;
				GCC_WARN_ABOUT_RETURN_TYPE = YES_ERROR;
				GCC_WARN_UNDECLARED_SELECTOR = YES;
				GCC_WARN_UNINITIALIZED_AUTOS = YES_AGGRESSIVE;
				GCC_WARN_UNUSED_FUNCTION = YES;
				GCC_WARN_UNUSED_VARIABLE = YES;
				IPHONEOS_DEPLOYMENT_TARGET = 17.2;
				LOCALIZATION_PREFERS_STRING_CATALOGS = YES;
				MTL_ENABLE_DEBUG_INFO = INCLUDE_SOURCE;
				MTL_FAST_MATH = YES;
				ONLY_ACTIVE_ARCH = YES;
				SDKROOT = iphoneos;
				SWIFT_ACTIVE_COMPILATION_CONDITIONS = "DEBUG $(inherited)";
				SWIFT_OPTIMIZATION_LEVEL = "-Onone";
			};
			name = Debug;
		};
		D8FF97BF2B593F3C00F7DA30 /* Release */ = {
			isa = XCBuildConfiguration;
			buildSettings = {
				ALWAYS_SEARCH_USER_PATHS = NO;
				ASSETCATALOG_COMPILER_GENERATE_SWIFT_ASSET_SYMBOL_EXTENSIONS = YES;
				CLANG_ANALYZER_NONNULL = YES;
				CLANG_ANALYZER_NUMBER_OBJECT_CONVERSION = YES_AGGRESSIVE;
				CLANG_CXX_LANGUAGE_STANDARD = "gnu++20";
				CLANG_ENABLE_MODULES = YES;
				CLANG_ENABLE_OBJC_ARC = YES;
				CLANG_ENABLE_OBJC_WEAK = YES;
				CLANG_WARN_BLOCK_CAPTURE_AUTORELEASING = YES;
				CLANG_WARN_BOOL_CONVERSION = YES;
				CLANG_WARN_COMMA = YES;
				CLANG_WARN_CONSTANT_CONVERSION = YES;
				CLANG_WARN_DEPRECATED_OBJC_IMPLEMENTATIONS = YES;
				CLANG_WARN_DIRECT_OBJC_ISA_USAGE = YES_ERROR;
				CLANG_WARN_DOCUMENTATION_COMMENTS = YES;
				CLANG_WARN_EMPTY_BODY = YES;
				CLANG_WARN_ENUM_CONVERSION = YES;
				CLANG_WARN_INFINITE_RECURSION = YES;
				CLANG_WARN_INT_CONVERSION = YES;
				CLANG_WARN_NON_LITERAL_NULL_CONVERSION = YES;
				CLANG_WARN_OBJC_IMPLICIT_RETAIN_SELF = YES;
				CLANG_WARN_OBJC_LITERAL_CONVERSION = YES;
				CLANG_WARN_OBJC_ROOT_CLASS = YES_ERROR;
				CLANG_WARN_QUOTED_INCLUDE_IN_FRAMEWORK_HEADER = YES;
				CLANG_WARN_RANGE_LOOP_ANALYSIS = YES;
				CLANG_WARN_STRICT_PROTOTYPES = YES;
				CLANG_WARN_SUSPICIOUS_MOVE = YES;
				CLANG_WARN_UNGUARDED_AVAILABILITY = YES_AGGRESSIVE;
				CLANG_WARN_UNREACHABLE_CODE = YES;
				CLANG_WARN__DUPLICATE_METHOD_MATCH = YES;
				COPY_PHASE_STRIP = NO;
				DEBUG_INFORMATION_FORMAT = "dwarf-with-dsym";
				ENABLE_NS_ASSERTIONS = NO;
				ENABLE_STRICT_OBJC_MSGSEND = YES;
				ENABLE_USER_SCRIPT_SANDBOXING = YES;
				GCC_C_LANGUAGE_STANDARD = gnu17;
				GCC_NO_COMMON_BLOCKS = YES;
				GCC_WARN_64_TO_32_BIT_CONVERSION = YES;
				GCC_WARN_ABOUT_RETURN_TYPE = YES_ERROR;
				GCC_WARN_UNDECLARED_SELECTOR = YES;
				GCC_WARN_UNINITIALIZED_AUTOS = YES_AGGRESSIVE;
				GCC_WARN_UNUSED_FUNCTION = YES;
				GCC_WARN_UNUSED_VARIABLE = YES;
				IPHONEOS_DEPLOYMENT_TARGET = 17.2;
				LOCALIZATION_PREFERS_STRING_CATALOGS = YES;
				MTL_ENABLE_DEBUG_INFO = NO;
				MTL_FAST_MATH = YES;
				SDKROOT = iphoneos;
				SWIFT_COMPILATION_MODE = wholemodule;
				VALIDATE_PRODUCT = YES;
			};
			name = Release;
		};
		D8FF97C12B593F3C00F7DA30 /* Debug */ = {
			isa = XCBuildConfiguration;
			buildSettings = {
				ASSETCATALOG_COMPILER_APPICON_NAME = AppIcon;
				ASSETCATALOG_COMPILER_GLOBAL_ACCENT_COLOR_NAME = AccentColor;
				CODE_SIGN_STYLE = Automatic;
				CURRENT_PROJECT_VERSION = 1;
				DEVELOPMENT_ASSET_PATHS = "\"boult/Preview Content\"";
				DEVELOPMENT_TEAM = 443L3444LJ;
				ENABLE_PREVIEWS = YES;
				GENERATE_INFOPLIST_FILE = YES;
				INFOPLIST_KEY_UIApplicationSceneManifest_Generation = YES;
				INFOPLIST_KEY_UIApplicationSupportsIndirectInputEvents = YES;
				INFOPLIST_KEY_UILaunchScreen_Generation = YES;
				INFOPLIST_KEY_UISupportedInterfaceOrientations_iPad = "UIInterfaceOrientationPortrait UIInterfaceOrientationPortraitUpsideDown UIInterfaceOrientationLandscapeLeft UIInterfaceOrientationLandscapeRight";
				INFOPLIST_KEY_UISupportedInterfaceOrientations_iPhone = "UIInterfaceOrientationPortrait UIInterfaceOrientationLandscapeLeft UIInterfaceOrientationLandscapeRight";
				LD_RUNPATH_SEARCH_PATHS = (
					"$(inherited)",
					"@executable_path/Frameworks",
				);
				MARKETING_VERSION = 1.0;
				PRODUCT_BUNDLE_IDENTIFIER = Jai.boult;
				PRODUCT_NAME = "$(TARGET_NAME)";
				SWIFT_EMIT_LOC_STRINGS = YES;
				SWIFT_VERSION = 5.0;
				TARGETED_DEVICE_FAMILY = "1,2";
			};
			name = Debug;
		};
		D8FF97C22B593F3C00F7DA30 /* Release */ = {
			isa = XCBuildConfiguration;
			buildSettings = {
				ASSETCATALOG_COMPILER_APPICON_NAME = AppIcon;
				ASSETCATALOG_COMPILER_GLOBAL_ACCENT_COLOR_NAME = AccentColor;
				CODE_SIGN_STYLE = Automatic;
				CURRENT_PROJECT_VERSION = 1;
				DEVELOPMENT_ASSET_PATHS = "\"boult/Preview Content\"";
				DEVELOPMENT_TEAM = 443L3444LJ;
				ENABLE_PREVIEWS = YES;
				GENERATE_INFOPLIST_FILE = YES;
				INFOPLIST_KEY_UIApplicationSceneManifest_Generation = YES;
				INFOPLIST_KEY_UIApplicationSupportsIndirectInputEvents = YES;
				INFOPLIST_KEY_UILaunchScreen_Generation = YES;
				INFOPLIST_KEY_UISupportedInterfaceOrientations_iPad = "UIInterfaceOrientationPortrait UIInterfaceOrientationPortraitUpsideDown UIInterfaceOrientationLandscapeLeft UIInterfaceOrientationLandscapeRight";
				INFOPLIST_KEY_UISupportedInterfaceOrientations_iPhone = "UIInterfaceOrientationPortrait UIInterfaceOrientationLandscapeLeft UIInterfaceOrientationLandscapeRight";
				LD_RUNPATH_SEARCH_PATHS = (
					"$(inherited)",
					"@executable_path/Frameworks",
				);
				MARKETING_VERSION = 1.0;
				PRODUCT_BUNDLE_IDENTIFIER = Jai.boult;
				PRODUCT_NAME = "$(TARGET_NAME)";
				SWIFT_EMIT_LOC_STRINGS = YES;
				SWIFT_VERSION = 5.0;
				TARGETED_DEVICE_FAMILY = "1,2";
			};
			name = Release;
		};
/* End XCBuildConfiguration section */

/* Begin XCConfigurationList section */
		D8FF97AD2B593F3A00F7DA30 /* Build configuration list for PBXProject "boult" */ = {
			isa = XCConfigurationList;
			buildConfigurations = (
				D8FF97BE2B593F3C00F7DA30 /* Debug */,
				D8FF97BF2B593F3C00F7DA30 /* Release */,
			);
			defaultConfigurationIsVisible = 0;
			defaultConfigurationName = Release;
		};
		D8FF97C02B593F3C00F7DA30 /* Build configuration list for PBXNativeTarget "boult" */ = {
			isa = XCConfigurationList;
			buildConfigurations = (
				D8FF97C12B593F3C00F7DA30 /* Debug */,
				D8FF97C22B593F3C00F7DA30 /* Release */,
			);
			defaultConfigurationIsVisible = 0;
			defaultConfigurationName = Release;
		};
/* End XCConfigurationList section */

/* Begin XCRemoteSwiftPackageReference section */
		D8C9509E2B594F7F00C1ED81 /* XCRemoteSwiftPackageReference "firebase-ios-sdk" */ = {
			isa = XCRemoteSwiftPackageReference;
			repositoryURL = "https://github.com/firebase/firebase-ios-sdk.git";
			requirement = {
				kind = upToNextMajorVersion;
				minimumVersion = 10.20.0;
			};
		};
		D8C950D52B59510800C1ED81 /* XCRemoteSwiftPackageReference "Kingfisher" */ = {
			isa = XCRemoteSwiftPackageReference;
			repositoryURL = "https://github.com/onevcat/Kingfisher.git";
			requirement = {
				kind = upToNextMajorVersion;
				minimumVersion = 7.10.2;
			};
		};
/* End XCRemoteSwiftPackageReference section */

/* Begin XCSwiftPackageProductDependency section */
		D8C950AB2B594F7F00C1ED81 /* FirebaseAuth */ = {
			isa = XCSwiftPackageProductDependency;
			package = D8C9509E2B594F7F00C1ED81 /* XCRemoteSwiftPackageReference "firebase-ios-sdk" */;
			productName = FirebaseAuth;
		};
		D8C950B72B594F7F00C1ED81 /* FirebaseFirestore */ = {
			isa = XCSwiftPackageProductDependency;
			package = D8C9509E2B594F7F00C1ED81 /* XCRemoteSwiftPackageReference "firebase-ios-sdk" */;
			productName = FirebaseFirestore;
		};
		D8C950BB2B594F7F00C1ED81 /* FirebaseFirestoreSwift */ = {
			isa = XCSwiftPackageProductDependency;
			package = D8C9509E2B594F7F00C1ED81 /* XCRemoteSwiftPackageReference "firebase-ios-sdk" */;
			productName = FirebaseFirestoreSwift;
		};
		D8C950D12B594F7F00C1ED81 /* FirebaseStorage */ = {
			isa = XCSwiftPackageProductDependency;
			package = D8C9509E2B594F7F00C1ED81 /* XCRemoteSwiftPackageReference "firebase-ios-sdk" */;
			productName = FirebaseStorage;
		};
		D8C950D62B59510800C1ED81 /* Kingfisher */ = {
			isa = XCSwiftPackageProductDependency;
			package = D8C950D52B59510800C1ED81 /* XCRemoteSwiftPackageReference "Kingfisher" */;
			productName = Kingfisher;
		};
/* End XCSwiftPackageProductDependency section */
	};
	rootObject = D8FF97AA2B593F3A00F7DA30 /* Project object */;
}
